
Microsoft Visual Studio Solution File, Format Version 12.00
# Visual Studio Version 17
VisualStudioVersion = 17.12.35506.116 d17.12
MinimumVisualStudioVersion = 10.0.40219.1
Project("{FAE04EC0-301F-11D3-BF4B-00C04F79EFBC}") = "Admin_64130531", "Admin_64130531\Admin_64130531.csproj", "{D0CC6BA2-EE14-48EB-98A3-F4D2D07E73CC}"
EndProject
Global
	GlobalSection(SolutionConfigurationPlatforms) = preSolution
		Debug|Any CPU = Debug|Any CPU
		Release|Any CPU = Release|Any CPU
	EndGlobalSection
	GlobalSection(ProjectConfigurationPlatforms) = postSolution
		{D0CC6BA2-EE14-48EB-98A3-F4D2D07E73CC}.Debug|Any CPU.ActiveCfg = Debug|Any CPU
		{D0CC6BA2-EE14-48EB-98A3-F4D2D07E73CC}.Debug|Any CPU.Build.0 = Debug|Any CPU
		{D0CC6BA2-EE14-48EB-98A3-F4D2D07E73CC}.Release|Any CPU.ActiveCfg = Release|Any CPU
		{D0CC6BA2-EE14-48EB-98A3-F4D2D07E73CC}.Release|Any CPU.Build.0 = Release|Any CPU
	EndGlobalSection
	GlobalSection(SolutionProperties) = preSolution
		HideSolutionNode = FALSE
	EndGlobalSection
EndGlobal
