
Microsoft Visual Studio Solution File, Format Version 12.00
# Visual Studio Version 17
VisualStudioVersion = 17.9.34616.47
MinimumVisualStudioVersion = 10.0.40219.1
Project("{FAE04EC0-301F-11D3-BF4B-00C04F79EFBC}") = "BaiTap6_64130531", "BaiTap6_64130531\BaiTap6_64130531.csproj", "{1900AD08-EF73-4872-9A51-C6E85082C38A}"
EndProject
Global
	GlobalSection(SolutionConfigurationPlatforms) = preSolution
		Debug|Any CPU = Debug|Any CPU
		Release|Any CPU = Release|Any CPU
	EndGlobalSection
	GlobalSection(ProjectConfigurationPlatforms) = postSolution
		{1900AD08-EF73-4872-9A51-C6E85082C38A}.Debug|Any CPU.ActiveCfg = Debug|Any CPU
		{1900AD08-EF73-4872-9A51-C6E85082C38A}.Debug|Any CPU.Build.0 = Debug|Any CPU
		{1900AD08-EF73-4872-9A51-C6E85082C38A}.Release|Any CPU.ActiveCfg = Release|Any CPU
		{1900AD08-EF73-4872-9A51-C6E85082C38A}.Release|Any CPU.Build.0 = Release|Any CPU
	EndGlobalSection
	GlobalSection(SolutionProperties) = preSolution
		HideSolutionNode = FALSE
	EndGlobalSection
	GlobalSection(ExtensibilityGlobals) = postSolution
		SolutionGuid = {F17C1A1C-EEF1-4EFD-97F2-1B79D0640A93}
	EndGlobalSection
EndGlobal
